
Microsoft Visual Studio Solution File, Format Version 12.00
# Visual Studio Version 16
VisualStudioVersion = 16.0.31005.135
MinimumVisualStudioVersion = 10.0.40219.1
Project("{9A19103F-16F7-4668-BE54-9A1E7A4F7556}") = "Umamusume", "Umamusume\Umamusume.csproj", "{DF90FD9A-B5E6-479C-A779-0D8D8F2D9B03}"
EndProject
Project("{FAE04EC0-301F-11D3-BF4B-00C04F79EFBC}") = "MsgPack", "MsgPack\MsgPack.csproj", "{A2097E23-A7CE-4D55-A0A7-95D350727ADF}"
EndProject
Global
	GlobalSection(SolutionConfigurationPlatforms) = preSolution
		Debug|Any CPU = Debug|Any CPU
		Release|Any CPU = Release|Any CPU
	EndGlobalSection
	GlobalSection(ProjectConfigurationPlatforms) = postSolution
		{DF90FD9A-B5E6-479C-A779-0D8D8F2D9B03}.Debug|Any CPU.ActiveCfg = Debug|Any CPU
		{DF90FD9A-B5E6-479C-A779-0D8D8F2D9B03}.Debug|Any CPU.Build.0 = Debug|Any CPU
		{DF90FD9A-B5E6-479C-A779-0D8D8F2D9B03}.Release|Any CPU.ActiveCfg = Release|Any CPU
		{DF90FD9A-B5E6-479C-A779-0D8D8F2D9B03}.Release|Any CPU.Build.0 = Release|Any CPU
		{A2097E23-A7CE-4D55-A0A7-95D350727ADF}.Debug|Any CPU.ActiveCfg = Debug|Any CPU
		{A2097E23-A7CE-4D55-A0A7-95D350727ADF}.Debug|Any CPU.Build.0 = Debug|Any CPU
		{A2097E23-A7CE-4D55-A0A7-95D350727ADF}.Release|Any CPU.ActiveCfg = Release|Any CPU
		{A2097E23-A7CE-4D55-A0A7-95D350727ADF}.Release|Any CPU.Build.0 = Release|Any CPU
	EndGlobalSection
	GlobalSection(SolutionProperties) = preSolution
		HideSolutionNode = FALSE
	EndGlobalSection
	GlobalSection(ExtensibilityGlobals) = postSolution
		SolutionGuid = {2BB97C75-8983-478C-8C36-4AC7F0A61994}
	EndGlobalSection
EndGlobal
